
Microsoft Visual Studio Solution File, Format Version 12.00
# Visual Studio Version 17
VisualStudioVersion = 17.1.32328.378
MinimumVisualStudioVersion = 10.0.40219.1
Project("{9A19103F-16F7-4668-BE54-9A1E7A4F7556}") = "EmployeesAPI", "EmployeesAPI\EmployeesAPI.csproj", "{A9958F3C-00E2-4771-AF64-4F0A8FDE4BDF}"
EndProject
Project("{9A19103F-16F7-4668-BE54-9A1E7A4F7556}") = "EmployeeManagement", "EmployeeManagement\EmployeeManagement.csproj", "{200A1D0D-05AF-42BC-B67A-BEE98A385051}"
EndProject
Global
	GlobalSection(SolutionConfigurationPlatforms) = preSolution
		Debug|Any CPU = Debug|Any CPU
		Release|Any CPU = Release|Any CPU
	EndGlobalSection
	GlobalSection(ProjectConfigurationPlatforms) = postSolution
		{A9958F3C-00E2-4771-AF64-4F0A8FDE4BDF}.Debug|Any CPU.ActiveCfg = Debug|Any CPU
		{A9958F3C-00E2-4771-AF64-4F0A8FDE4BDF}.Debug|Any CPU.Build.0 = Debug|Any CPU
		{A9958F3C-00E2-4771-AF64-4F0A8FDE4BDF}.Release|Any CPU.ActiveCfg = Release|Any CPU
		{A9958F3C-00E2-4771-AF64-4F0A8FDE4BDF}.Release|Any CPU.Build.0 = Release|Any CPU
		{200A1D0D-05AF-42BC-B67A-BEE98A385051}.Debug|Any CPU.ActiveCfg = Debug|Any CPU
		{200A1D0D-05AF-42BC-B67A-BEE98A385051}.Debug|Any CPU.Build.0 = Debug|Any CPU
		{200A1D0D-05AF-42BC-B67A-BEE98A385051}.Release|Any CPU.ActiveCfg = Release|Any CPU
		{200A1D0D-05AF-42BC-B67A-BEE98A385051}.Release|Any CPU.Build.0 = Release|Any CPU
	EndGlobalSection
	GlobalSection(SolutionProperties) = preSolution
		HideSolutionNode = FALSE
	EndGlobalSection
	GlobalSection(ExtensibilityGlobals) = postSolution
		SolutionGuid = {409B29E8-D3F1-4E15-B099-095D8203E256}
	EndGlobalSection
EndGlobal
